
Microsoft Visual Studio Solution File, Format Version 12.00
# Visual Studio Version 17
VisualStudioVersion = 17.0.31903.59
MinimumVisualStudioVersion = 10.0.40219.1
Project("{FAE04EC0-301F-11D3-BF4B-00C04F79EFBC}") = "Escola.Api", "Escola.Api\Escola.Api.csproj", "{0126B0F3-2959-4CB0-93E1-D4B805D615D7}"
EndProject
Project("{FAE04EC0-301F-11D3-BF4B-00C04F79EFBC}") = "Escola.Domain", "Escola.Domain\Escola.Domain.csproj", "{F7572D66-3E42-43FA-915F-A355BD28FB4E}"
EndProject
Project("{FAE04EC0-301F-11D3-BF4B-00C04F79EFBC}") = "Escola.Infrastructure", "Escola.Infrastructure\Escola.Infrastructure.csproj", "{11F9E440-1489-4A0F-971A-BDA9C2B33FAC}"
EndProject
Project("{FAE04EC0-301F-11D3-BF4B-00C04F79EFBC}") = "Escola.Tests", "Escola.Tests\Escola.Tests.csproj", "{8D76FCF2-EE12-4C05-A361-5B74111EC770}"
EndProject
Global
	GlobalSection(SolutionConfigurationPlatforms) = preSolution
		Debug|Any CPU = Debug|Any CPU
		Debug|x64 = Debug|x64
		Debug|x86 = Debug|x86
		Release|Any CPU = Release|Any CPU
		Release|x64 = Release|x64
		Release|x86 = Release|x86
	EndGlobalSection
	GlobalSection(ProjectConfigurationPlatforms) = postSolution
		{0126B0F3-2959-4CB0-93E1-D4B805D615D7}.Debug|Any CPU.ActiveCfg = Debug|Any CPU
		{0126B0F3-2959-4CB0-93E1-D4B805D615D7}.Debug|Any CPU.Build.0 = Debug|Any CPU
		{0126B0F3-2959-4CB0-93E1-D4B805D615D7}.Debug|x64.ActiveCfg = Debug|Any CPU
		{0126B0F3-2959-4CB0-93E1-D4B805D615D7}.Debug|x64.Build.0 = Debug|Any CPU
		{0126B0F3-2959-4CB0-93E1-D4B805D615D7}.Debug|x86.ActiveCfg = Debug|Any CPU
		{0126B0F3-2959-4CB0-93E1-D4B805D615D7}.Debug|x86.Build.0 = Debug|Any CPU
		{0126B0F3-2959-4CB0-93E1-D4B805D615D7}.Release|Any CPU.ActiveCfg = Release|Any CPU
		{0126B0F3-2959-4CB0-93E1-D4B805D615D7}.Release|Any CPU.Build.0 = Release|Any CPU
		{0126B0F3-2959-4CB0-93E1-D4B805D615D7}.Release|x64.ActiveCfg = Release|Any CPU
		{0126B0F3-2959-4CB0-93E1-D4B805D615D7}.Release|x64.Build.0 = Release|Any CPU
		{0126B0F3-2959-4CB0-93E1-D4B805D615D7}.Release|x86.ActiveCfg = Release|Any CPU
		{0126B0F3-2959-4CB0-93E1-D4B805D615D7}.Release|x86.Build.0 = Release|Any CPU
		{F7572D66-3E42-43FA-915F-A355BD28FB4E}.Debug|Any CPU.ActiveCfg = Debug|Any CPU
		{F7572D66-3E42-43FA-915F-A355BD28FB4E}.Debug|Any CPU.Build.0 = Debug|Any CPU
		{F7572D66-3E42-43FA-915F-A355BD28FB4E}.Debug|x64.ActiveCfg = Debug|Any CPU
		{F7572D66-3E42-43FA-915F-A355BD28FB4E}.Debug|x64.Build.0 = Debug|Any CPU
		{F7572D66-3E42-43FA-915F-A355BD28FB4E}.Debug|x86.ActiveCfg = Debug|Any CPU
		{F7572D66-3E42-43FA-915F-A355BD28FB4E}.Debug|x86.Build.0 = Debug|Any CPU
		{F7572D66-3E42-43FA-915F-A355BD28FB4E}.Release|Any CPU.ActiveCfg = Release|Any CPU
		{F7572D66-3E42-43FA-915F-A355BD28FB4E}.Release|Any CPU.Build.0 = Release|Any CPU
		{F7572D66-3E42-43FA-915F-A355BD28FB4E}.Release|x64.ActiveCfg = Release|Any CPU
		{F7572D66-3E42-43FA-915F-A355BD28FB4E}.Release|x64.Build.0 = Release|Any CPU
		{F7572D66-3E42-43FA-915F-A355BD28FB4E}.Release|x86.ActiveCfg = Release|Any CPU
		{F7572D66-3E42-43FA-915F-A355BD28FB4E}.Release|x86.Build.0 = Release|Any CPU
		{11F9E440-1489-4A0F-971A-BDA9C2B33FAC}.Debug|Any CPU.ActiveCfg = Debug|Any CPU
		{11F9E440-1489-4A0F-971A-BDA9C2B33FAC}.Debug|Any CPU.Build.0 = Debug|Any CPU
		{11F9E440-1489-4A0F-971A-BDA9C2B33FAC}.Debug|x64.ActiveCfg = Debug|Any CPU
		{11F9E440-1489-4A0F-971A-BDA9C2B33FAC}.Debug|x64.Build.0 = Debug|Any CPU
		{11F9E440-1489-4A0F-971A-BDA9C2B33FAC}.Debug|x86.ActiveCfg = Debug|Any CPU
		{11F9E440-1489-4A0F-971A-BDA9C2B33FAC}.Debug|x86.Build.0 = Debug|Any CPU
		{11F9E440-1489-4A0F-971A-BDA9C2B33FAC}.Release|Any CPU.ActiveCfg = Release|Any CPU
		{11F9E440-1489-4A0F-971A-BDA9C2B33FAC}.Release|Any CPU.Build.0 = Release|Any CPU
		{11F9E440-1489-4A0F-971A-BDA9C2B33FAC}.Release|x64.ActiveCfg = Release|Any CPU
		{11F9E440-1489-4A0F-971A-BDA9C2B33FAC}.Release|x64.Build.0 = Release|Any CPU
		{11F9E440-1489-4A0F-971A-BDA9C2B33FAC}.Release|x86.ActiveCfg = Release|Any CPU
		{11F9E440-1489-4A0F-971A-BDA9C2B33FAC}.Release|x86.Build.0 = Release|Any CPU
		{8D76FCF2-EE12-4C05-A361-5B74111EC770}.Debug|Any CPU.ActiveCfg = Debug|Any CPU
		{8D76FCF2-EE12-4C05-A361-5B74111EC770}.Debug|Any CPU.Build.0 = Debug|Any CPU
		{8D76FCF2-EE12-4C05-A361-5B74111EC770}.Debug|x64.ActiveCfg = Debug|Any CPU
		{8D76FCF2-EE12-4C05-A361-5B74111EC770}.Debug|x64.Build.0 = Debug|Any CPU
		{8D76FCF2-EE12-4C05-A361-5B74111EC770}.Debug|x86.ActiveCfg = Debug|Any CPU
		{8D76FCF2-EE12-4C05-A361-5B74111EC770}.Debug|x86.Build.0 = Debug|Any CPU
		{8D76FCF2-EE12-4C05-A361-5B74111EC770}.Release|Any CPU.ActiveCfg = Release|Any CPU
		{8D76FCF2-EE12-4C05-A361-5B74111EC770}.Release|Any CPU.Build.0 = Release|Any CPU
		{8D76FCF2-EE12-4C05-A361-5B74111EC770}.Release|x64.ActiveCfg = Release|Any CPU
		{8D76FCF2-EE12-4C05-A361-5B74111EC770}.Release|x64.Build.0 = Release|Any CPU
		{8D76FCF2-EE12-4C05-A361-5B74111EC770}.Release|x86.ActiveCfg = Release|Any CPU
		{8D76FCF2-EE12-4C05-A361-5B74111EC770}.Release|x86.Build.0 = Release|Any CPU
	EndGlobalSection
	GlobalSection(SolutionProperties) = preSolution
		HideSolutionNode = FALSE
	EndGlobalSection
EndGlobal
